
Microsoft Visual Studio Solution File, Format Version 12.00
# Visual Studio Version 16
VisualStudioVersion = 16.0.30011.22
MinimumVisualStudioVersion = 10.0.40219.1
Project("{2150E333-8FDC-42A3-9474-1A3956D46DE8}") = "1 - Presentation", "1 - Presentation", "{0668EA47-E45C-4690-976B-67B266F219DE}"
EndProject
Project("{2150E333-8FDC-42A3-9474-1A3956D46DE8}") = "2 - Application", "2 - Application", "{F2A2581B-8F4E-4B48-A4C1-98332C0C38CC}"
EndProject
Project("{2150E333-8FDC-42A3-9474-1A3956D46DE8}") = "3 - Domain", "3 - Domain", "{38E0576D-1A57-4A32-BB84-D2EC0DA94905}"
EndProject
Project("{FAE04EC0-301F-11D3-BF4B-00C04F79EFBC}") = "CWI.Desafio2.Domain", "CWI.Desafio2.Domain\CWI.Desafio2.Domain\CWI.Desafio2.Domain.csproj", "{4E629A6E-1E9A-4DCD-B578-D5704A06BBA5}"
EndProject
Project("{FAE04EC0-301F-11D3-BF4B-00C04F79EFBC}") = "CWI.Desafio2.Presentation.Desafio", "CWI.Desafio2.Presentation\CWI.Desafio2.Presentation.Desafio\CWI.Desafio2.Presentation.Desafio.csproj", "{2B4C18E9-CE3A-4D52-BFAC-771410A181E3}"
EndProject
Project("{FAE04EC0-301F-11D3-BF4B-00C04F79EFBC}") = "CWI.Desafio2.Application.FileManager", "CWI.Desafio2.Application\CWI.Desafio2.Application.FileManager\CWI.Desafio2.Application.FileManager\CWI.Desafio2.Application.FileManager.csproj", "{9D5510DD-FB88-4A06-A45C-5CD55F5683BB}"
EndProject
Global
	GlobalSection(SolutionConfigurationPlatforms) = preSolution
		Debug|Any CPU = Debug|Any CPU
		Release|Any CPU = Release|Any CPU
	EndGlobalSection
	GlobalSection(ProjectConfigurationPlatforms) = postSolution
		{4E629A6E-1E9A-4DCD-B578-D5704A06BBA5}.Debug|Any CPU.ActiveCfg = Debug|Any CPU
		{4E629A6E-1E9A-4DCD-B578-D5704A06BBA5}.Debug|Any CPU.Build.0 = Debug|Any CPU
		{4E629A6E-1E9A-4DCD-B578-D5704A06BBA5}.Release|Any CPU.ActiveCfg = Release|Any CPU
		{4E629A6E-1E9A-4DCD-B578-D5704A06BBA5}.Release|Any CPU.Build.0 = Release|Any CPU
		{2B4C18E9-CE3A-4D52-BFAC-771410A181E3}.Debug|Any CPU.ActiveCfg = Debug|Any CPU
		{2B4C18E9-CE3A-4D52-BFAC-771410A181E3}.Debug|Any CPU.Build.0 = Debug|Any CPU
		{2B4C18E9-CE3A-4D52-BFAC-771410A181E3}.Release|Any CPU.ActiveCfg = Release|Any CPU
		{2B4C18E9-CE3A-4D52-BFAC-771410A181E3}.Release|Any CPU.Build.0 = Release|Any CPU
		{9D5510DD-FB88-4A06-A45C-5CD55F5683BB}.Debug|Any CPU.ActiveCfg = Debug|Any CPU
		{9D5510DD-FB88-4A06-A45C-5CD55F5683BB}.Debug|Any CPU.Build.0 = Debug|Any CPU
		{9D5510DD-FB88-4A06-A45C-5CD55F5683BB}.Release|Any CPU.ActiveCfg = Release|Any CPU
		{9D5510DD-FB88-4A06-A45C-5CD55F5683BB}.Release|Any CPU.Build.0 = Release|Any CPU
	EndGlobalSection
	GlobalSection(SolutionProperties) = preSolution
		HideSolutionNode = FALSE
	EndGlobalSection
	GlobalSection(NestedProjects) = preSolution
		{4E629A6E-1E9A-4DCD-B578-D5704A06BBA5} = {38E0576D-1A57-4A32-BB84-D2EC0DA94905}
		{2B4C18E9-CE3A-4D52-BFAC-771410A181E3} = {0668EA47-E45C-4690-976B-67B266F219DE}
		{9D5510DD-FB88-4A06-A45C-5CD55F5683BB} = {F2A2581B-8F4E-4B48-A4C1-98332C0C38CC}
	EndGlobalSection
	GlobalSection(ExtensibilityGlobals) = postSolution
		SolutionGuid = {1E0D907E-C3C3-4144-8BE3-5B9503F67952}
	EndGlobalSection
EndGlobal
